
Microsoft Visual Studio Solution File, Format Version 12.00
# Visual Studio Version 17
VisualStudioVersion = 17.1.32210.238
MinimumVisualStudioVersion = 10.0.40219.1
Project("{9A19103F-16F7-4668-BE54-9A1E7A4F7556}") = "GK1-Illumination", "GK1-Illumination\GK1-Illumination.csproj", "{30762F43-E70C-4AB4-A9B5-728E61C2ADD3}"
EndProject
Global
	GlobalSection(SolutionConfigurationPlatforms) = preSolution
		Debug|Any CPU = Debug|Any CPU
		Release|Any CPU = Release|Any CPU
	EndGlobalSection
	GlobalSection(ProjectConfigurationPlatforms) = postSolution
		{30762F43-E70C-4AB4-A9B5-728E61C2ADD3}.Debug|Any CPU.ActiveCfg = Debug|Any CPU
		{30762F43-E70C-4AB4-A9B5-728E61C2ADD3}.Debug|Any CPU.Build.0 = Debug|Any CPU
		{30762F43-E70C-4AB4-A9B5-728E61C2ADD3}.Release|Any CPU.ActiveCfg = Release|Any CPU
		{30762F43-E70C-4AB4-A9B5-728E61C2ADD3}.Release|Any CPU.Build.0 = Release|Any CPU
	EndGlobalSection
	GlobalSection(SolutionProperties) = preSolution
		HideSolutionNode = FALSE
	EndGlobalSection
	GlobalSection(ExtensibilityGlobals) = postSolution
		SolutionGuid = {AC2B5178-6B74-4893-9FAB-CD7148232704}
	EndGlobalSection
EndGlobal
